
Microsoft Visual Studio Solution File, Format Version 12.00
Project("{FAE04EC0-301F-11D3-BF4B-00C04F79EFBC}") = "Weggli", "Weggli\Weggli.csproj", "{4857FFBB-BC03-4A81-BDE4-D17276A8782B}"
EndProject
Global
	GlobalSection(SolutionConfigurationPlatforms) = preSolution
		Debug|Any CPU = Debug|Any CPU
		Release|Any CPU = Release|Any CPU
	EndGlobalSection
	GlobalSection(ProjectConfigurationPlatforms) = postSolution
		{4857FFBB-BC03-4A81-BDE4-D17276A8782B}.Debug|Any CPU.ActiveCfg = Debug|Any CPU
		{4857FFBB-BC03-4A81-BDE4-D17276A8782B}.Debug|Any CPU.Build.0 = Debug|Any CPU
		{4857FFBB-BC03-4A81-BDE4-D17276A8782B}.Release|Any CPU.ActiveCfg = Release|Any CPU
		{4857FFBB-BC03-4A81-BDE4-D17276A8782B}.Release|Any CPU.Build.0 = Release|Any CPU
	EndGlobalSection
EndGlobal
